// !$*UTF8*$!
{
	archiveVersion = 1;
	classes = {
	};
	objectVersion = 46;
	objects = {

/* Begin PBXBuildFile section */
		C07FAAD61A9D73C80029923B /* main.m in Sources */ = {isa = PBXBuildFile; fileRef = C07FAAD51A9D73C80029923B /* main.m */; };
		C07FAAD91A9D73C80029923B /* AppDelegate.m in Sources */ = {isa = PBXBuildFile; fileRef = C07FAAD81A9D73C80029923B /* AppDelegate.m */; };
		C07FAADC1A9D73C80029923B /* ViewController.m in Sources */ = {isa = PBXBuildFile; fileRef = C07FAADB1A9D73C80029923B /* ViewController.m */; };
		C07FAADF1A9D73C80029923B /* Main.storyboard in Resources */ = {isa = PBXBuildFile; fileRef = C07FAADD1A9D73C80029923B /* Main.storyboard */; };
		C07FAAE11A9D73C80029923B /* Images.xcassets in Resources */ = {isa = PBXBuildFile; fileRef = C07FAAE01A9D73C80029923B /* Images.xcassets */; };
		C07FAAE41A9D73C80029923B /* LaunchScreen.xib in Resources */ = {isa = PBXBuildFile; fileRef = C07FAAE21A9D73C80029923B /* LaunchScreen.xib */; };
		C07FAAF01A9D73C80029923B /* WagonAOPTests.m in Sources */ = {isa = PBXBuildFile; fileRef = C07FAAEF1A9D73C80029923B /* WagonAOPTests.m */; };
		C07FAAFB1A9D73F40029923B /* WagonAOP.m in Sources */ = {isa = PBXBuildFile; fileRef = C07FAAFA1A9D73F40029923B /* WagonAOP.m */; };
		C07FAAFE1A9D7AA80029923B /* AOPTest.m in Sources */ = {isa = PBXBuildFile; fileRef = C07FAAFD1A9D7AA80029923B /* AOPTest.m */; };
/* End PBXBuildFile section */

/* Begin PBXContainerItemProxy section */
		C07FAAEA1A9D73C80029923B /* PBXContainerItemProxy */ = {
			isa = PBXContainerItemProxy;
			containerPortal = C07FAAC81A9D73C80029923B /* Project object */;
			proxyType = 1;
			remoteGlobalIDString = C07FAACF1A9D73C80029923B;
			remoteInfo = WagonAOP;
		};
/* End PBXContainerItemProxy section */

/* Begin PBXFileReference section */
		C07FAAD01A9D73C80029923B /* WagonAOP.app */ = {isa = PBXFileReference; explicitFileType = wrapper.application; includeInIndex = 0; path = WagonAOP.app; sourceTree = BUILT_PRODUCTS_DIR; };
		C07FAAD41A9D73C80029923B /* Info.plist */ = {isa = PBXFileReference; lastKnownFileType = text.plist.xml; path = Info.plist; sourceTree = "<group>"; };
		C07FAAD51A9D73C80029923B /* main.m */ = {isa = PBXFileReference; lastKnownFileType = sourcecode.c.objc; path = main.m; sourceTree = "<group>"; };
		C07FAAD71A9D73C80029923B /* AppDelegate.h */ = {isa = PBXFileReference; lastKnownFileType = sourcecode.c.h; path = AppDelegate.h; sourceTree = "<group>"; };
		C07FAAD81A9D73C80029923B /* AppDelegate.m */ = {isa = PBXFileReference; lastKnownFileType = sourcecode.c.objc; path = AppDelegate.m; sourceTree = "<group>"; };
		C07FAADA1A9D73C80029923B /* ViewController.h */ = {isa = PBXFileReference; lastKnownFileType = sourcecode.c.h; path = ViewController.h; sourceTree = "<group>"; };
		C07FAADB1A9D73C80029923B /* ViewController.m */ = {isa = PBXFileReference; lastKnownFileType = sourcecode.c.objc; path = ViewController.m; sourceTree = "<group>"; };
		C07FAADE1A9D73C80029923B /* Base */ = {isa = PBXFileReference; lastKnownFileType = file.storyboard; name = Base; path = Base.lproj/Main.storyboard; sourceTree = "<group>"; };
		C07FAAE01A9D73C80029923B /* Images.xcassets */ = {isa = PBXFileReference; lastKnownFileType = folder.assetcatalog; path = Images.xcassets; sourceTree = "<group>"; };
		C07FAAE31A9D73C80029923B /* Base */ = {isa = PBXFileReference; lastKnownFileType = file.xib; name = Base; path = Base.lproj/LaunchScreen.xib; sourceTree = "<group>"; };
		C07FAAE91A9D73C80029923B /* WagonAOPTests.xctest */ = {isa = PBXFileReference; explicitFileType = wrapper.cfbundle; includeInIndex = 0; path = WagonAOPTests.xctest; sourceTree = BUILT_PRODUCTS_DIR; };
		C07FAAEE1A9D73C80029923B /* Info.plist */ = {isa = PBXFileReference; lastKnownFileType = text.plist.xml; path = Info.plist; sourceTree = "<group>"; };
		C07FAAEF1A9D73C80029923B /* WagonAOPTests.m */ = {isa = PBXFileReference; lastKnownFileType = sourcecode.c.objc; path = WagonAOPTests.m; sourceTree = "<group>"; };
		C07FAAF91A9D73F40029923B /* WagonAOP.h */ = {isa = PBXFileReference; fileEncoding = 4; lastKnownFileType = sourcecode.c.h; path = WagonAOP.h; sourceTree = "<group>"; };
		C07FAAFA1A9D73F40029923B /* WagonAOP.m */ = {isa = PBXFileReference; fileEncoding = 4; lastKnownFileType = sourcecode.c.objc; path = WagonAOP.m; sourceTree = "<group>"; };
		C07FAAFC1A9D7AA80029923B /* AOPTest.h */ = {isa = PBXFileReference; fileEncoding = 4; lastKnownFileType = sourcecode.c.h; path = AOPTest.h; sourceTree = "<group>"; };
		C07FAAFD1A9D7AA80029923B /* AOPTest.m */ = {isa = PBXFileReference; fileEncoding = 4; lastKnownFileType = sourcecode.c.objc; path = AOPTest.m; sourceTree = "<group>"; };
/* End PBXFileReference section */

/* Begin PBXFrameworksBuildPhase section */
		C07FAACD1A9D73C80029923B /* Frameworks */ = {
			isa = PBXFrameworksBuildPhase;
			buildActionMask = 2147483647;
			files = (
			);
			runOnlyForDeploymentPostprocessing = 0;
		};
		C07FAAE61A9D73C80029923B /* Frameworks */ = {
			isa = PBXFrameworksBuildPhase;
			buildActionMask = 2147483647;
			files = (
			);
			runOnlyForDeploymentPostprocessing = 0;
		};
/* End PBXFrameworksBuildPhase section */

/* Begin PBXGroup section */
		C07FAAC71A9D73C80029923B = {
			isa = PBXGroup;
			children = (
				C07FAAD21A9D73C80029923B /* WagonAOP */,
				C07FAAEC1A9D73C80029923B /* WagonAOPTests */,
				C07FAAD11A9D73C80029923B /* Products */,
			);
			sourceTree = "<group>";
		};
		C07FAAD11A9D73C80029923B /* Products */ = {
			isa = PBXGroup;
			children = (
				C07FAAD01A9D73C80029923B /* WagonAOP.app */,
				C07FAAE91A9D73C80029923B /* WagonAOPTests.xctest */,
			);
			name = Products;
			sourceTree = "<group>";
		};
		C07FAAD21A9D73C80029923B /* WagonAOP */ = {
			isa = PBXGroup;
			children = (
				C07FAAF91A9D73F40029923B /* WagonAOP.h */,
				C07FAAFA1A9D73F40029923B /* WagonAOP.m */,
				C07FAAD71A9D73C80029923B /* AppDelegate.h */,
				C07FAAD81A9D73C80029923B /* AppDelegate.m */,
				C07FAADA1A9D73C80029923B /* ViewController.h */,
				C07FAADB1A9D73C80029923B /* ViewController.m */,
				C07FAADD1A9D73C80029923B /* Main.storyboard */,
				C07FAAE01A9D73C80029923B /* Images.xcassets */,
				C07FAAE21A9D73C80029923B /* LaunchScreen.xib */,
				C07FAAD31A9D73C80029923B /* Supporting Files */,
				C07FAAFC1A9D7AA80029923B /* AOPTest.h */,
				C07FAAFD1A9D7AA80029923B /* AOPTest.m */,
			);
			path = WagonAOP;
			sourceTree = "<group>";
		};
		C07FAAD31A9D73C80029923B /* Supporting Files */ = {
			isa = PBXGroup;
			children = (
				C07FAAD41A9D73C80029923B /* Info.plist */,
				C07FAAD51A9D73C80029923B /* main.m */,
			);
			name = "Supporting Files";
			sourceTree = "<group>";
		};
		C07FAAEC1A9D73C80029923B /* WagonAOPTests */ = {
			isa = PBXGroup;
			children = (
				C07FAAEF1A9D73C80029923B /* WagonAOPTests.m */,
				C07FAAED1A9D73C80029923B /* Supporting Files */,
			);
			path = WagonAOPTests;
			sourceTree = "<group>";
		};
		C07FAAED1A9D73C80029923B /* Supporting Files */ = {
			isa = PBXGroup;
			children = (
				C07FAAEE1A9D73C80029923B /* Info.plist */,
			);
			name = "Supporting Files";
			sourceTree = "<group>";
		};
/* End PBXGroup section */

/* Begin PBXNativeTarget section */
		C07FAACF1A9D73C80029923B /* WagonAOP */ = {
			isa = PBXNativeTarget;
			buildConfigurationList = C07FAAF31A9D73C80029923B /* Build configuration list for PBXNativeTarget "WagonAOP" */;
			buildPhases = (
				C07FAACC1A9D73C80029923B /* Sources */,
				C07FAACD1A9D73C80029923B /* Frameworks */,
				C07FAACE1A9D73C80029923B /* Resources */,
			);
			buildRules = (
			);
			dependencies = (
			);
			name = WagonAOP;
			productName = WagonAOP;
			productReference = C07FAAD01A9D73C80029923B /* WagonAOP.app */;
			productType = "com.apple.product-type.application";
		};
		C07FAAE81A9D73C80029923B /* WagonAOPTests */ = {
			isa = PBXNativeTarget;
			buildConfigurationList = C07FAAF61A9D73C80029923B /* Build configuration list for PBXNativeTarget "WagonAOPTests" */;
			buildPhases = (
				C07FAAE51A9D73C80029923B /* Sources */,
				C07FAAE61A9D73C80029923B /* Frameworks */,
				C07FAAE71A9D73C80029923B /* Resources */,
			);
			buildRules = (
			);
			dependencies = (
				C07FAAEB1A9D73C80029923B /* PBXTargetDependency */,
			);
			name = WagonAOPTests;
			productName = WagonAOPTests;
			productReference = C07FAAE91A9D73C80029923B /* WagonAOPTests.xctest */;
			productType = "com.apple.product-type.bundle.unit-test";
		};
/* End PBXNativeTarget section */

/* Begin PBXProject section */
		C07FAAC81A9D73C80029923B /* Project object */ = {
			isa = PBXProject;
			attributes = {
				LastUpgradeCheck = 0610;
				ORGANIZATIONNAME = jingxuan.dou;
				TargetAttributes = {
					C07FAACF1A9D73C80029923B = {
						CreatedOnToolsVersion = 6.1.1;
					};
					C07FAAE81A9D73C80029923B = {
						CreatedOnToolsVersion = 6.1.1;
						TestTargetID = C07FAACF1A9D73C80029923B;
					};
				};
			};
			buildConfigurationList = C07FAACB1A9D73C80029923B /* Build configuration list for PBXProject "WagonAOP" */;
			compatibilityVersion = "Xcode 3.2";
			developmentRegion = English;
			hasScannedForEncodings = 0;
			knownRegions = (
				en,
				Base,
			);
			mainGroup = C07FAAC71A9D73C80029923B;
			productRefGroup = C07FAAD11A9D73C80029923B /* Products */;
			projectDirPath = "";
			projectRoot = "";
			targets = (
				C07FAACF1A9D73C80029923B /* WagonAOP */,
				C07FAAE81A9D73C80029923B /* WagonAOPTests */,
			);
		};
/* End PBXProject section */

/* Begin PBXResourcesBuildPhase section */
		C07FAACE1A9D73C80029923B /* Resources */ = {
			isa = PBXResourcesBuildPhase;
			buildActionMask = 2147483647;
			files = (
				C07FAADF1A9D73C80029923B /* Main.storyboard in Resources */,
				C07FAAE41A9D73C80029923B /* LaunchScreen.xib in Resources */,
				C07FAAE11A9D73C80029923B /* Images.xcassets in Resources */,
			);
			runOnlyForDeploymentPostprocessing = 0;
		};
		C07FAAE71A9D73C80029923B /* Resources */ = {
			isa = PBXResourcesBuildPhase;
			buildActionMask = 2147483647;
			files = (
			);
			runOnlyForDeploymentPostprocessing = 0;
		};
/* End PBXResourcesBuildPhase section */

/* Begin PBXSourcesBuildPhase section */
		C07FAACC1A9D73C80029923B /* Sources */ = {
			isa = PBXSourcesBuildPhase;
			buildActionMask = 2147483647;
			files = (
				C07FAADC1A9D73C80029923B /* ViewController.m in Sources */,
				C07FAAFE1A9D7AA80029923B /* AOPTest.m in Sources */,
				C07FAAD91A9D73C80029923B /* AppDelegate.m in Sources */,
				C07FAAD61A9D73C80029923B /* main.m in Sources */,
				C07FAAFB1A9D73F40029923B /* WagonAOP.m in Sources */,
			);
			runOnlyForDeploymentPostprocessing = 0;
		};
		C07FAAE51A9D73C80029923B /* Sources */ = {
			isa = PBXSourcesBuildPhase;
			buildActionMask = 2147483647;
			files = (
				C07FAAF01A9D73C80029923B /* WagonAOPTests.m in Sources */,
			);
			runOnlyForDeploymentPostprocessing = 0;
		};
/* End PBXSourcesBuildPhase section */

/* Begin PBXTargetDependency section */
		C07FAAEB1A9D73C80029923B /* PBXTargetDependency */ = {
			isa = PBXTargetDependency;
			target = C07FAACF1A9D73C80029923B /* WagonAOP */;
			targetProxy = C07FAAEA1A9D73C80029923B /* PBXContainerItemProxy */;
		};
/* End PBXTargetDependency section */

/* Begin PBXVariantGroup section */
		C07FAADD1A9D73C80029923B /* Main.storyboard */ = {
			isa = PBXVariantGroup;
			children = (
				C07FAADE1A9D73C80029923B /* Base */,
			);
			name = Main.storyboard;
			sourceTree = "<group>";
		};
		C07FAAE21A9D73C80029923B /* LaunchScreen.xib */ = {
			isa = PBXVariantGroup;
			children = (
				C07FAAE31A9D73C80029923B /* Base */,
			);
			name = LaunchScreen.xib;
			sourceTree = "<group>";
		};
/* End PBXVariantGroup section */

/* Begin XCBuildConfiguration section */
		C07FAAF11A9D73C80029923B /* Debug */ = {
			isa = XCBuildConfiguration;
			buildSettings = {
				ALWAYS_SEARCH_USER_PATHS = NO;
				CLANG_CXX_LANGUAGE_STANDARD = "gnu++0x";
				CLANG_CXX_LIBRARY = "libc++";
				CLANG_ENABLE_MODULES = YES;
				CLANG_ENABLE_OBJC_ARC = YES;
				CLANG_WARN_BOOL_CONVERSION = YES;
				CLANG_WARN_CONSTANT_CONVERSION = YES;
				CLANG_WARN_DIRECT_OBJC_ISA_USAGE = YES_ERROR;
				CLANG_WARN_EMPTY_BODY = YES;
				CLANG_WARN_ENUM_CONVERSION = YES;
				CLANG_WARN_INT_CONVERSION = YES;
				CLANG_WARN_OBJC_ROOT_CLASS = YES_ERROR;
				CLANG_WARN_UNREACHABLE_CODE = YES;
				CLANG_WARN__DUPLICATE_METHOD_MATCH = YES;
				"CODE_SIGN_IDENTITY[sdk=iphoneos*]" = "iPhone Developer";
				COPY_PHASE_STRIP = NO;
				ENABLE_STRICT_OBJC_MSGSEND = YES;
				GCC_C_LANGUAGE_STANDARD = gnu99;
				GCC_DYNAMIC_NO_PIC = NO;
				GCC_OPTIMIZATION_LEVEL = 0;
				GCC_PREPROCESSOR_DEFINITIONS = (
					"DEBUG=1",
					"$(inherited)",
				);
				GCC_SYMBOLS_PRIVATE_EXTERN = NO;
				GCC_WARN_64_TO_32_BIT_CONVERSION = YES;
				GCC_WARN_ABOUT_RETURN_TYPE = YES_ERROR;
				GCC_WARN_UNDECLARED_SELECTOR = YES;
				GCC_WARN_UNINITIALIZED_AUTOS = YES_AGGRESSIVE;
				GCC_WARN_UNUSED_FUNCTION = YES;
				GCC_WARN_UNUSED_VARIABLE = YES;
				IPHONEOS_DEPLOYMENT_TARGET = 8.1;
				MTL_ENABLE_DEBUG_INFO = YES;
				ONLY_ACTIVE_ARCH = YES;
				SDKROOT = iphoneos;
			};
			name = Debug;
		};
		C07FAAF21A9D73C80029923B /* Release */ = {
			isa = XCBuildConfiguration;
			buildSettings = {
				ALWAYS_SEARCH_USER_PATHS = NO;
				CLANG_CXX_LANGUAGE_STANDARD = "gnu++0x";
				CLANG_CXX_LIBRARY = "libc++";
				CLANG_ENABLE_MODULES = YES;
				CLANG_ENABLE_OBJC_ARC = YES;
				CLANG_WARN_BOOL_CONVERSION = YES;
				CLANG_WARN_CONSTANT_CONVERSION = YES;
				CLANG_WARN_DIRECT_OBJC_ISA_USAGE = YES_ERROR;
				CLANG_WARN_EMPTY_BODY = YES;
				CLANG_WARN_ENUM_CONVERSION = YES;
				CLANG_WARN_INT_CONVERSION = YES;
				CLANG_WARN_OBJC_ROOT_CLASS = YES_ERROR;
				CLANG_WARN_UNREACHABLE_CODE = YES;
				CLANG_WARN__DUPLICATE_METHOD_MATCH = YES;
				"CODE_SIGN_IDENTITY[sdk=iphoneos*]" = "iPhone Developer";
				COPY_PHASE_STRIP = YES;
				ENABLE_NS_ASSERTIONS = NO;
				ENABLE_STRICT_OBJC_MSGSEND = YES;
				GCC_C_LANGUAGE_STANDARD = gnu99;
				GCC_WARN_64_TO_32_BIT_CONVERSION = YES;
				GCC_WARN_ABOUT_RETURN_TYPE = YES_ERROR;
				GCC_WARN_UNDECLARED_SELECTOR = YES;
				GCC_WARN_UNINITIALIZED_AUTOS = YES_AGGRESSIVE;
				GCC_WARN_UNUSED_FUNCTION = YES;
				GCC_WARN_UNUSED_VARIABLE = YES;
				IPHONEOS_DEPLOYMENT_TARGET = 8.1;
				MTL_ENABLE_DEBUG_INFO = NO;
				SDKROOT = iphoneos;
				VALIDATE_PRODUCT = YES;
			};
			name = Release;
		};
		C07FAAF41A9D73C80029923B /* Debug */ = {
			isa = XCBuildConfiguration;
			buildSettings = {
				ASSETCATALOG_COMPILER_APPICON_NAME = AppIcon;
				INFOPLIST_FILE = WagonAOP/Info.plist;
				LD_RUNPATH_SEARCH_PATHS = "$(inherited) @executable_path/Frameworks";
				PRODUCT_NAME = "$(TARGET_NAME)";
			};
			name = Debug;
		};
		C07FAAF51A9D73C80029923B /* Release */ = {
			isa = XCBuildConfiguration;
			buildSettings = {
				ASSETCATALOG_COMPILER_APPICON_NAME = AppIcon;
				INFOPLIST_FILE = WagonAOP/Info.plist;
				LD_RUNPATH_SEARCH_PATHS = "$(inherited) @executable_path/Frameworks";
				PRODUCT_NAME = "$(TARGET_NAME)";
			};
			name = Release;
		};
		C07FAAF71A9D73C80029923B /* Debug */ = {
			isa = XCBuildConfiguration;
			buildSettings = {
				BUNDLE_LOADER = "$(TEST_HOST)";
				FRAMEWORK_SEARCH_PATHS = (
					"$(SDKROOT)/Developer/Library/Frameworks",
					"$(inherited)",
				);
				GCC_PREPROCESSOR_DEFINITIONS = (
					"DEBUG=1",
					"$(inherited)",
				);
				INFOPLIST_FILE = WagonAOPTests/Info.plist;
				LD_RUNPATH_SEARCH_PATHS = "$(inherited) @executable_path/Frameworks @loader_path/Frameworks";
				PRODUCT_NAME = "$(TARGET_NAME)";
				TEST_HOST = "$(BUILT_PRODUCTS_DIR)/WagonAOP.app/WagonAOP";
			};
			name = Debug;
		};
		C07FAAF81A9D73C80029923B /* Release */ = {
			isa = XCBuildConfiguration;
			buildSettings = {
				BUNDLE_LOADER = "$(TEST_HOST)";
				FRAMEWORK_SEARCH_PATHS = (
					"$(SDKROOT)/Developer/Library/Frameworks",
					"$(inherited)",
				);
				INFOPLIST_FILE = WagonAOPTests/Info.plist;
				LD_RUNPATH_SEARCH_PATHS = "$(inherited) @executable_path/Frameworks @loader_path/Frameworks";
				PRODUCT_NAME = "$(TARGET_NAME)";
				TEST_HOST = "$(BUILT_PRODUCTS_DIR)/WagonAOP.app/WagonAOP";
			};
			name = Release;
		};
/* End XCBuildConfiguration section */

/* Begin XCConfigurationList section */
		C07FAACB1A9D73C80029923B /* Build configuration list for PBXProject "WagonAOP" */ = {
			isa = XCConfigurationList;
			buildConfigurations = (
				C07FAAF11A9D73C80029923B /* Debug */,
				C07FAAF21A9D73C80029923B /* Release */,
			);
			defaultConfigurationIsVisible = 0;
			defaultConfigurationName = Release;
		};
		C07FAAF31A9D73C80029923B /* Build configuration list for PBXNativeTarget "WagonAOP" */ = {
			isa = XCConfigurationList;
			buildConfigurations = (
				C07FAAF41A9D73C80029923B /* Debug */,
				C07FAAF51A9D73C80029923B /* Release */,
			);
			defaultConfigurationIsVisible = 0;
		};
		C07FAAF61A9D73C80029923B /* Build configuration list for PBXNativeTarget "WagonAOPTests" */ = {
			isa = XCConfigurationList;
			buildConfigurations = (
				C07FAAF71A9D73C80029923B /* Debug */,
				C07FAAF81A9D73C80029923B /* Release */,
			);
			defaultConfigurationIsVisible = 0;
		};
/* End XCConfigurationList section */
	};
	rootObject = C07FAAC81A9D73C80029923B /* Project object */;
}
